
Microsoft Visual Studio Solution File, Format Version 12.00
# Visual Studio Version 17
VisualStudioVersion = 17.14.36301.6 d17.14
MinimumVisualStudioVersion = 10.0.40219.1
Project("{FAE04EC0-301F-11D3-BF4B-00C04F79EFBC}") = "Vacpack", "Vacpack.csproj", "{4660EF9B-897F-9F39-0BDB-857707CDF9A8}"
EndProject
Global
	GlobalSection(SolutionConfigurationPlatforms) = preSolution
		Debug|Any CPU = Debug|Any CPU
		Release|Any CPU = Release|Any CPU
	EndGlobalSection
	GlobalSection(ProjectConfigurationPlatforms) = postSolution
		{4660EF9B-897F-9F39-0BDB-857707CDF9A8}.Debug|Any CPU.ActiveCfg = Debug|Any CPU
		{4660EF9B-897F-9F39-0BDB-857707CDF9A8}.Debug|Any CPU.Build.0 = Debug|Any CPU
		{4660EF9B-897F-9F39-0BDB-857707CDF9A8}.Release|Any CPU.ActiveCfg = Release|Any CPU
		{4660EF9B-897F-9F39-0BDB-857707CDF9A8}.Release|Any CPU.Build.0 = Release|Any CPU
	EndGlobalSection
	GlobalSection(SolutionProperties) = preSolution
		HideSolutionNode = FALSE
	EndGlobalSection
	GlobalSection(ExtensibilityGlobals) = postSolution
		SolutionGuid = {C71ECAE8-8623-41E6-A91A-57F450E151C2}
	EndGlobalSection
EndGlobal
